// !$*UTF8*$!
{
	archiveVersion = 1;
	classes = {
	};
	objectVersion = 46;
	objects = {

/* Begin PBXBuildFile section */
		78B7EA1B1806D4930038F56B /* Foundation.framework in Frameworks */ = {isa = PBXBuildFile; fileRef = 78B7EA1A1806D4930038F56B /* Foundation.framework */; };
		78B7EA1D1806D4930038F56B /* CoreGraphics.framework in Frameworks */ = {isa = PBXBuildFile; fileRef = 78B7EA1C1806D4930038F56B /* CoreGraphics.framework */; };
		78B7EA1F1806D4930038F56B /* UIKit.framework in Frameworks */ = {isa = PBXBuildFile; fileRef = 78B7EA1E1806D4930038F56B /* UIKit.framework */; };
		78B7EA251806D4930038F56B /* InfoPlist.strings in Resources */ = {isa = PBXBuildFile; fileRef = 78B7EA231806D4930038F56B /* InfoPlist.strings */; };
		78B7EA271806D4930038F56B /* main.m in Sources */ = {isa = PBXBuildFile; fileRef = 78B7EA261806D4930038F56B /* main.m */; };
		78B7EA2B1806D4930038F56B /* AppDelegate.m in Sources */ = {isa = PBXBuildFile; fileRef = 78B7EA2A1806D4930038F56B /* AppDelegate.m */; };
		78B7EA2E1806D4930038F56B /* Main.storyboard in Resources */ = {isa = PBXBuildFile; fileRef = 78B7EA2C1806D4930038F56B /* Main.storyboard */; };
		78B7EA311806D4930038F56B /* ViewController.m in Sources */ = {isa = PBXBuildFile; fileRef = 78B7EA301806D4930038F56B /* ViewController.m */; };
		78B7EA331806D4930038F56B /* Images.xcassets in Resources */ = {isa = PBXBuildFile; fileRef = 78B7EA321806D4930038F56B /* Images.xcassets */; };
		78B7EA3A1806D4940038F56B /* XCTest.framework in Frameworks */ = {isa = PBXBuildFile; fileRef = 78B7EA391806D4940038F56B /* XCTest.framework */; };
		78B7EA3B1806D4940038F56B /* Foundation.framework in Frameworks */ = {isa = PBXBuildFile; fileRef = 78B7EA1A1806D4930038F56B /* Foundation.framework */; };
		78B7EA3C1806D4940038F56B /* UIKit.framework in Frameworks */ = {isa = PBXBuildFile; fileRef = 78B7EA1E1806D4930038F56B /* UIKit.framework */; };
		78B7EA441806D4940038F56B /* InfoPlist.strings in Resources */ = {isa = PBXBuildFile; fileRef = 78B7EA421806D4940038F56B /* InfoPlist.strings */; };
		78B7EA461806D4940038F56B /* iAdTests.m in Sources */ = {isa = PBXBuildFile; fileRef = 78B7EA451806D4940038F56B /* iAdTests.m */; };
		78B7EA501806D6060038F56B /* iAd.framework in Frameworks */ = {isa = PBXBuildFile; fileRef = 78B7EA4F1806D6060038F56B /* iAd.framework */; };
/* End PBXBuildFile section */

/* Begin PBXContainerItemProxy section */
		78B7EA3D1806D4940038F56B /* PBXContainerItemProxy */ = {
			isa = PBXContainerItemProxy;
			containerPortal = 78B7EA0F1806D4930038F56B /* Project object */;
			proxyType = 1;
			remoteGlobalIDString = 78B7EA161806D4930038F56B;
			remoteInfo = iAd;
		};
/* End PBXContainerItemProxy section */

/* Begin PBXFileReference section */
		78B7EA171806D4930038F56B /* iAd.app */ = {isa = PBXFileReference; explicitFileType = wrapper.application; includeInIndex = 0; path = iAd.app; sourceTree = BUILT_PRODUCTS_DIR; };
		78B7EA1A1806D4930038F56B /* Foundation.framework */ = {isa = PBXFileReference; lastKnownFileType = wrapper.framework; name = Foundation.framework; path = System/Library/Frameworks/Foundation.framework; sourceTree = SDKROOT; };
		78B7EA1C1806D4930038F56B /* CoreGraphics.framework */ = {isa = PBXFileReference; lastKnownFileType = wrapper.framework; name = CoreGraphics.framework; path = System/Library/Frameworks/CoreGraphics.framework; sourceTree = SDKROOT; };
		78B7EA1E1806D4930038F56B /* UIKit.framework */ = {isa = PBXFileReference; lastKnownFileType = wrapper.framework; name = UIKit.framework; path = System/Library/Frameworks/UIKit.framework; sourceTree = SDKROOT; };
		78B7EA221806D4930038F56B /* iAd-Info.plist */ = {isa = PBXFileReference; lastKnownFileType = text.plist.xml; path = "iAd-Info.plist"; sourceTree = "<group>"; };
		78B7EA241806D4930038F56B /* en */ = {isa = PBXFileReference; lastKnownFileType = text.plist.strings; name = en; path = en.lproj/InfoPlist.strings; sourceTree = "<group>"; };
		78B7EA261806D4930038F56B /* main.m */ = {isa = PBXFileReference; lastKnownFileType = sourcecode.c.objc; path = main.m; sourceTree = "<group>"; };
		78B7EA281806D4930038F56B /* iAd-Prefix.pch */ = {isa = PBXFileReference; lastKnownFileType = sourcecode.c.h; path = "iAd-Prefix.pch"; sourceTree = "<group>"; };
		78B7EA291806D4930038F56B /* AppDelegate.h */ = {isa = PBXFileReference; lastKnownFileType = sourcecode.c.h; path = AppDelegate.h; sourceTree = "<group>"; };
		78B7EA2A1806D4930038F56B /* AppDelegate.m */ = {isa = PBXFileReference; lastKnownFileType = sourcecode.c.objc; path = AppDelegate.m; sourceTree = "<group>"; };
		78B7EA2D1806D4930038F56B /* Base */ = {isa = PBXFileReference; lastKnownFileType = file.storyboard; name = Base; path = Base.lproj/Main.storyboard; sourceTree = "<group>"; };
		78B7EA2F1806D4930038F56B /* ViewController.h */ = {isa = PBXFileReference; lastKnownFileType = sourcecode.c.h; path = ViewController.h; sourceTree = "<group>"; };
		78B7EA301806D4930038F56B /* ViewController.m */ = {isa = PBXFileReference; lastKnownFileType = sourcecode.c.objc; path = ViewController.m; sourceTree = "<group>"; };
		78B7EA321806D4930038F56B /* Images.xcassets */ = {isa = PBXFileReference; lastKnownFileType = folder.assetcatalog; path = Images.xcassets; sourceTree = "<group>"; };
		78B7EA381806D4940038F56B /* iAdTests.xctest */ = {isa = PBXFileReference; explicitFileType = wrapper.cfbundle; includeInIndex = 0; path = iAdTests.xctest; sourceTree = BUILT_PRODUCTS_DIR; };
		78B7EA391806D4940038F56B /* XCTest.framework */ = {isa = PBXFileReference; lastKnownFileType = wrapper.framework; name = XCTest.framework; path = Library/Frameworks/XCTest.framework; sourceTree = DEVELOPER_DIR; };
		78B7EA411806D4940038F56B /* iAdTests-Info.plist */ = {isa = PBXFileReference; lastKnownFileType = text.plist.xml; path = "iAdTests-Info.plist"; sourceTree = "<group>"; };
		78B7EA431806D4940038F56B /* en */ = {isa = PBXFileReference; lastKnownFileType = text.plist.strings; name = en; path = en.lproj/InfoPlist.strings; sourceTree = "<group>"; };
		78B7EA451806D4940038F56B /* iAdTests.m */ = {isa = PBXFileReference; lastKnownFileType = sourcecode.c.objc; path = iAdTests.m; sourceTree = "<group>"; };
		78B7EA4F1806D6060038F56B /* iAd.framework */ = {isa = PBXFileReference; lastKnownFileType = wrapper.framework; name = iAd.framework; path = System/Library/Frameworks/iAd.framework; sourceTree = SDKROOT; };
/* End PBXFileReference section */

/* Begin PBXFrameworksBuildPhase section */
		78B7EA141806D4930038F56B /* Frameworks */ = {
			isa = PBXFrameworksBuildPhase;
			buildActionMask = 2147483647;
			files = (
				78B7EA501806D6060038F56B /* iAd.framework in Frameworks */,
				78B7EA1D1806D4930038F56B /* CoreGraphics.framework in Frameworks */,
				78B7EA1F1806D4930038F56B /* UIKit.framework in Frameworks */,
				78B7EA1B1806D4930038F56B /* Foundation.framework in Frameworks */,
			);
			runOnlyForDeploymentPostprocessing = 0;
		};
		78B7EA351806D4940038F56B /* Frameworks */ = {
			isa = PBXFrameworksBuildPhase;
			buildActionMask = 2147483647;
			files = (
				78B7EA3A1806D4940038F56B /* XCTest.framework in Frameworks */,
				78B7EA3C1806D4940038F56B /* UIKit.framework in Frameworks */,
				78B7EA3B1806D4940038F56B /* Foundation.framework in Frameworks */,
			);
			runOnlyForDeploymentPostprocessing = 0;
		};
/* End PBXFrameworksBuildPhase section */

/* Begin PBXGroup section */
		78B7EA0E1806D4930038F56B = {
			isa = PBXGroup;
			children = (
				78B7EA201806D4930038F56B /* iAd */,
				78B7EA3F1806D4940038F56B /* iAdTests */,
				78B7EA191806D4930038F56B /* Frameworks */,
				78B7EA181806D4930038F56B /* Products */,
			);
			sourceTree = "<group>";
		};
		78B7EA181806D4930038F56B /* Products */ = {
			isa = PBXGroup;
			children = (
				78B7EA171806D4930038F56B /* iAd.app */,
				78B7EA381806D4940038F56B /* iAdTests.xctest */,
			);
			name = Products;
			sourceTree = "<group>";
		};
		78B7EA191806D4930038F56B /* Frameworks */ = {
			isa = PBXGroup;
			children = (
				78B7EA4F1806D6060038F56B /* iAd.framework */,
				78B7EA1A1806D4930038F56B /* Foundation.framework */,
				78B7EA1C1806D4930038F56B /* CoreGraphics.framework */,
				78B7EA1E1806D4930038F56B /* UIKit.framework */,
				78B7EA391806D4940038F56B /* XCTest.framework */,
			);
			name = Frameworks;
			sourceTree = "<group>";
		};
		78B7EA201806D4930038F56B /* iAd */ = {
			isa = PBXGroup;
			children = (
				78B7EA291806D4930038F56B /* AppDelegate.h */,
				78B7EA2A1806D4930038F56B /* AppDelegate.m */,
				78B7EA2C1806D4930038F56B /* Main.storyboard */,
				78B7EA2F1806D4930038F56B /* ViewController.h */,
				78B7EA301806D4930038F56B /* ViewController.m */,
				78B7EA321806D4930038F56B /* Images.xcassets */,
				78B7EA211806D4930038F56B /* Supporting Files */,
			);
			path = iAd;
			sourceTree = "<group>";
		};
		78B7EA211806D4930038F56B /* Supporting Files */ = {
			isa = PBXGroup;
			children = (
				78B7EA221806D4930038F56B /* iAd-Info.plist */,
				78B7EA231806D4930038F56B /* InfoPlist.strings */,
				78B7EA261806D4930038F56B /* main.m */,
				78B7EA281806D4930038F56B /* iAd-Prefix.pch */,
			);
			name = "Supporting Files";
			sourceTree = "<group>";
		};
		78B7EA3F1806D4940038F56B /* iAdTests */ = {
			isa = PBXGroup;
			children = (
				78B7EA451806D4940038F56B /* iAdTests.m */,
				78B7EA401806D4940038F56B /* Supporting Files */,
			);
			path = iAdTests;
			sourceTree = "<group>";
		};
		78B7EA401806D4940038F56B /* Supporting Files */ = {
			isa = PBXGroup;
			children = (
				78B7EA411806D4940038F56B /* iAdTests-Info.plist */,
				78B7EA421806D4940038F56B /* InfoPlist.strings */,
			);
			name = "Supporting Files";
			sourceTree = "<group>";
		};
/* End PBXGroup section */

/* Begin PBXNativeTarget section */
		78B7EA161806D4930038F56B /* iAd */ = {
			isa = PBXNativeTarget;
			buildConfigurationList = 78B7EA491806D4940038F56B /* Build configuration list for PBXNativeTarget "iAd" */;
			buildPhases = (
				78B7EA131806D4930038F56B /* Sources */,
				78B7EA141806D4930038F56B /* Frameworks */,
				78B7EA151806D4930038F56B /* Resources */,
			);
			buildRules = (
			);
			dependencies = (
			);
			name = iAd;
			productName = iAd;
			productReference = 78B7EA171806D4930038F56B /* iAd.app */;
			productType = "com.apple.product-type.application";
		};
		78B7EA371806D4940038F56B /* iAdTests */ = {
			isa = PBXNativeTarget;
			buildConfigurationList = 78B7EA4C1806D4940038F56B /* Build configuration list for PBXNativeTarget "iAdTests" */;
			buildPhases = (
				78B7EA341806D4940038F56B /* Sources */,
				78B7EA351806D4940038F56B /* Frameworks */,
				78B7EA361806D4940038F56B /* Resources */,
			);
			buildRules = (
			);
			dependencies = (
				78B7EA3E1806D4940038F56B /* PBXTargetDependency */,
			);
			name = iAdTests;
			productName = iAdTests;
			productReference = 78B7EA381806D4940038F56B /* iAdTests.xctest */;
			productType = "com.apple.product-type.bundle.unit-test";
		};
/* End PBXNativeTarget section */

/* Begin PBXProject section */
		78B7EA0F1806D4930038F56B /* Project object */ = {
			isa = PBXProject;
			attributes = {
				LastUpgradeCheck = 0510;
				ORGANIZATIONNAME = "PJ Vea";
				TargetAttributes = {
					78B7EA371806D4940038F56B = {
						TestTargetID = 78B7EA161806D4930038F56B;
					};
				};
			};
			buildConfigurationList = 78B7EA121806D4930038F56B /* Build configuration list for PBXProject "iAd" */;
			compatibilityVersion = "Xcode 3.2";
			developmentRegion = English;
			hasScannedForEncodings = 0;
			knownRegions = (
				en,
				Base,
			);
			mainGroup = 78B7EA0E1806D4930038F56B;
			productRefGroup = 78B7EA181806D4930038F56B /* Products */;
			projectDirPath = "";
			projectRoot = "";
			targets = (
				78B7EA161806D4930038F56B /* iAd */,
				78B7EA371806D4940038F56B /* iAdTests */,
			);
		};
/* End PBXProject section */

/* Begin PBXResourcesBuildPhase section */
		78B7EA151806D4930038F56B /* Resources */ = {
			isa = PBXResourcesBuildPhase;
			buildActionMask = 2147483647;
			files = (
				78B7EA331806D4930038F56B /* Images.xcassets in Resources */,
				78B7EA251806D4930038F56B /* InfoPlist.strings in Resources */,
				78B7EA2E1806D4930038F56B /* Main.storyboard in Resources */,
			);
			runOnlyForDeploymentPostprocessing = 0;
		};
		78B7EA361806D4940038F56B /* Resources */ = {
			isa = PBXResourcesBuildPhase;
			buildActionMask = 2147483647;
			files = (
				78B7EA441806D4940038F56B /* InfoPlist.strings in Resources */,
			);
			runOnlyForDeploymentPostprocessing = 0;
		};
/* End PBXResourcesBuildPhase section */

/* Begin PBXSourcesBuildPhase section */
		78B7EA131806D4930038F56B /* Sources */ = {
			isa = PBXSourcesBuildPhase;
			buildActionMask = 2147483647;
			files = (
				78B7EA311806D4930038F56B /* ViewController.m in Sources */,
				78B7EA2B1806D4930038F56B /* AppDelegate.m in Sources */,
				78B7EA271806D4930038F56B /* main.m in Sources */,
			);
			runOnlyForDeploymentPostprocessing = 0;
		};
		78B7EA341806D4940038F56B /* Sources */ = {
			isa = PBXSourcesBuildPhase;
			buildActionMask = 2147483647;
			files = (
				78B7EA461806D4940038F56B /* iAdTests.m in Sources */,
			);
			runOnlyForDeploymentPostprocessing = 0;
		};
/* End PBXSourcesBuildPhase section */

/* Begin PBXTargetDependency section */
		78B7EA3E1806D4940038F56B /* PBXTargetDependency */ = {
			isa = PBXTargetDependency;
			target = 78B7EA161806D4930038F56B /* iAd */;
			targetProxy = 78B7EA3D1806D4940038F56B /* PBXContainerItemProxy */;
		};
/* End PBXTargetDependency section */

/* Begin PBXVariantGroup section */
		78B7EA231806D4930038F56B /* InfoPlist.strings */ = {
			isa = PBXVariantGroup;
			children = (
				78B7EA241806D4930038F56B /* en */,
			);
			name = InfoPlist.strings;
			sourceTree = "<group>";
		};
		78B7EA2C1806D4930038F56B /* Main.storyboard */ = {
			isa = PBXVariantGroup;
			children = (
				78B7EA2D1806D4930038F56B /* Base */,
			);
			name = Main.storyboard;
			sourceTree = "<group>";
		};
		78B7EA421806D4940038F56B /* InfoPlist.strings */ = {
			isa = PBXVariantGroup;
			children = (
				78B7EA431806D4940038F56B /* en */,
			);
			name = InfoPlist.strings;
			sourceTree = "<group>";
		};
/* End PBXVariantGroup section */

/* Begin XCBuildConfiguration section */
		78B7EA471806D4940038F56B /* Debug */ = {
			isa = XCBuildConfiguration;
			buildSettings = {
				ALWAYS_SEARCH_USER_PATHS = NO;
				CLANG_CXX_LANGUAGE_STANDARD = "gnu++0x";
				CLANG_CXX_LIBRARY = "libc++";
				CLANG_ENABLE_MODULES = YES;
				CLANG_ENABLE_OBJC_ARC = YES;
				CLANG_WARN_BOOL_CONVERSION = YES;
				CLANG_WARN_CONSTANT_CONVERSION = YES;
				CLANG_WARN_DIRECT_OBJC_ISA_USAGE = YES_ERROR;
				CLANG_WARN_EMPTY_BODY = YES;
				CLANG_WARN_ENUM_CONVERSION = YES;
				CLANG_WARN_INT_CONVERSION = YES;
				CLANG_WARN_OBJC_ROOT_CLASS = YES_ERROR;
				CLANG_WARN__DUPLICATE_METHOD_MATCH = YES;
				"CODE_SIGN_IDENTITY[sdk=iphoneos*]" = "iPhone Developer";
				COPY_PHASE_STRIP = NO;
				GCC_C_LANGUAGE_STANDARD = gnu99;
				GCC_DYNAMIC_NO_PIC = NO;
				GCC_OPTIMIZATION_LEVEL = 0;
				GCC_PREPROCESSOR_DEFINITIONS = (
					"DEBUG=1",
					"$(inherited)",
				);
				GCC_SYMBOLS_PRIVATE_EXTERN = NO;
				GCC_WARN_64_TO_32_BIT_CONVERSION = YES;
				GCC_WARN_ABOUT_RETURN_TYPE = YES_ERROR;
				GCC_WARN_UNDECLARED_SELECTOR = YES;
				GCC_WARN_UNINITIALIZED_AUTOS = YES;
				GCC_WARN_UNUSED_FUNCTION = YES;
				GCC_WARN_UNUSED_VARIABLE = YES;
				IPHONEOS_DEPLOYMENT_TARGET = 7.0;
				ONLY_ACTIVE_ARCH = YES;
				SDKROOT = iphoneos;
			};
			name = Debug;
		};
		78B7EA481806D4940038F56B /* Release */ = {
			isa = XCBuildConfiguration;
			buildSettings = {
				ALWAYS_SEARCH_USER_PATHS = NO;
				CLANG_CXX_LANGUAGE_STANDARD = "gnu++0x";
				CLANG_CXX_LIBRARY = "libc++";
				CLANG_ENABLE_MODULES = YES;
				CLANG_ENABLE_OBJC_ARC = YES;
				CLANG_WARN_BOOL_CONVERSION = YES;
				CLANG_WARN_CONSTANT_CONVERSION = YES;
				CLANG_WARN_DIRECT_OBJC_ISA_USAGE = YES_ERROR;
				CLANG_WARN_EMPTY_BODY = YES;
				CLANG_WARN_ENUM_CONVERSION = YES;
				CLANG_WARN_INT_CONVERSION = YES;
				CLANG_WARN_OBJC_ROOT_CLASS = YES_ERROR;
				CLANG_WARN__DUPLICATE_METHOD_MATCH = YES;
				"CODE_SIGN_IDENTITY[sdk=iphoneos*]" = "iPhone Developer";
				COPY_PHASE_STRIP = YES;
				ENABLE_NS_ASSERTIONS = NO;
				GCC_C_LANGUAGE_STANDARD = gnu99;
				GCC_WARN_64_TO_32_BIT_CONVERSION = YES;
				GCC_WARN_ABOUT_RETURN_TYPE = YES_ERROR;
				GCC_WARN_UNDECLARED_SELECTOR = YES;
				GCC_WARN_UNINITIALIZED_AUTOS = YES;
				GCC_WARN_UNUSED_FUNCTION = YES;
				GCC_WARN_UNUSED_VARIABLE = YES;
				IPHONEOS_DEPLOYMENT_TARGET = 7.0;
				SDKROOT = iphoneos;
				VALIDATE_PRODUCT = YES;
			};
			name = Release;
		};
		78B7EA4A1806D4940038F56B /* Debug */ = {
			isa = XCBuildConfiguration;
			buildSettings = {
				ASSETCATALOG_COMPILER_APPICON_NAME = AppIcon;
				ASSETCATALOG_COMPILER_LAUNCHIMAGE_NAME = LaunchImage;
				GCC_PRECOMPILE_PREFIX_HEADER = YES;
				GCC_PREFIX_HEADER = "iAd/iAd-Prefix.pch";
				INFOPLIST_FILE = "iAd/iAd-Info.plist";
				PRODUCT_NAME = "$(TARGET_NAME)";
				WRAPPER_EXTENSION = app;
			};
			name = Debug;
		};
		78B7EA4B1806D4940038F56B /* Release */ = {
			isa = XCBuildConfiguration;
			buildSettings = {
				ASSETCATALOG_COMPILER_APPICON_NAME = AppIcon;
				ASSETCATALOG_COMPILER_LAUNCHIMAGE_NAME = LaunchImage;
				GCC_PRECOMPILE_PREFIX_HEADER = YES;
				GCC_PREFIX_HEADER = "iAd/iAd-Prefix.pch";
				INFOPLIST_FILE = "iAd/iAd-Info.plist";
				PRODUCT_NAME = "$(TARGET_NAME)";
				WRAPPER_EXTENSION = app;
			};
			name = Release;
		};
		78B7EA4D1806D4940038F56B /* Debug */ = {
			isa = XCBuildConfiguration;
			buildSettings = {
				BUNDLE_LOADER = "$(BUILT_PRODUCTS_DIR)/iAd.app/iAd";
				FRAMEWORK_SEARCH_PATHS = (
					"$(SDKROOT)/Developer/Library/Frameworks",
					"$(inherited)",
					"$(DEVELOPER_FRAMEWORKS_DIR)",
				);
				GCC_PRECOMPILE_PREFIX_HEADER = YES;
				GCC_PREFIX_HEADER = "iAd/iAd-Prefix.pch";
				GCC_PREPROCESSOR_DEFINITIONS = (
					"DEBUG=1",
					"$(inherited)",
				);
				INFOPLIST_FILE = "iAdTests/iAdTests-Info.plist";
				PRODUCT_NAME = "$(TARGET_NAME)";
				TEST_HOST = "$(BUNDLE_LOADER)";
				WRAPPER_EXTENSION = xctest;
			};
			name = Debug;
		};
		78B7EA4E1806D4940038F56B /* Release */ = {
			isa = XCBuildConfiguration;
			buildSettings = {
				BUNDLE_LOADER = "$(BUILT_PRODUCTS_DIR)/iAd.app/iAd";
				FRAMEWORK_SEARCH_PATHS = (
					"$(SDKROOT)/Developer/Library/Frameworks",
					"$(inherited)",
					"$(DEVELOPER_FRAMEWORKS_DIR)",
				);
				GCC_PRECOMPILE_PREFIX_HEADER = YES;
				GCC_PREFIX_HEADER = "iAd/iAd-Prefix.pch";
				INFOPLIST_FILE = "iAdTests/iAdTests-Info.plist";
				PRODUCT_NAME = "$(TARGET_NAME)";
				TEST_HOST = "$(BUNDLE_LOADER)";
				WRAPPER_EXTENSION = xctest;
			};
			name = Release;
		};
/* End XCBuildConfiguration section */

/* Begin XCConfigurationList section */
		78B7EA121806D4930038F56B /* Build configuration list for PBXProject "iAd" */ = {
			isa = XCConfigurationList;
			buildConfigurations = (
				78B7EA471806D4940038F56B /* Debug */,
				78B7EA481806D4940038F56B /* Release */,
			);
			defaultConfigurationIsVisible = 0;
			defaultConfigurationName = Release;
		};
		78B7EA491806D4940038F56B /* Build configuration list for PBXNativeTarget "iAd" */ = {
			isa = XCConfigurationList;
			buildConfigurations = (
				78B7EA4A1806D4940038F56B /* Debug */,
				78B7EA4B1806D4940038F56B /* Release */,
			);
			defaultConfigurationIsVisible = 0;
			defaultConfigurationName = Release;
		};
		78B7EA4C1806D4940038F56B /* Build configuration list for PBXNativeTarget "iAdTests" */ = {
			isa = XCConfigurationList;
			buildConfigurations = (
				78B7EA4D1806D4940038F56B /* Debug */,
				78B7EA4E1806D4940038F56B /* Release */,
			);
			defaultConfigurationIsVisible = 0;
			defaultConfigurationName = Release;
		};
/* End XCConfigurationList section */
	};
	rootObject = 78B7EA0F1806D4930038F56B /* Project object */;
}
